<?xml version="1.0" encoding="UTF-8"?>
<Scheme
   version = "1.3">
   <BuildAction>
      <BuildActionEntries>
         <BuildActionEntry
            buildForRunning = "YES"
            buildForTesting = "YES">
            <BuildableReference
               BuildableIdentifier = "primary"
               BlueprintIdentifier = "DA7D8DD71A18EF6E002B5A5E"
               BuildableName = "MoreCollectionsTests.xctest"
               BlueprintName = "MoreCollectionsTests"
               ReferencedContainer = "container:MoreCollections.xcodeproj">
            </BuildableReference>
         </BuildActionEntry>
      </BuildActionEntries>
   </BuildAction>
   <TestAction
      buildConfiguration = "Debug">
      <Testables>
         <TestableReference>
            <BuildableReference
               BuildableIdentifier = "primary"
               BlueprintIdentifier = "DA7D8DD71A18EF6E002B5A5E"
               BuildableName = "MoreCollectionsTests.xctest"
               BlueprintName = "MoreCollectionsTests"
               ReferencedContainer = "container:MoreCollections.xcodeproj">
            </BuildableReference>
         </TestableReference>
      </Testables>
   </TestAction>
   <LaunchAction
      useCustomWorkingDirectory = "NO">
   </LaunchAction>
</Scheme>
